// !$*UTF8*$!
{
	archiveVersion = 1;
	classes = {
	};
	objectVersion = 56;
	objects = {

/* Begin PBXBuildFile section */
		A9000001210000010000000F /* Assets.xcassets in Resources */ = {isa = PBXBuildFile; fileRef = A9000001110000010000000F /* Assets.xcassets */; };
		A9000002210000010000000F /* UserPreferences.swift in Sources */ = {isa = PBXBuildFile; fileRef = A9000002110000010000000F /* UserPreferences.swift */; };
		AA000001210000010000000F /* AutonomousConfiguration.swift in Sources */ = {isa = PBXBuildFile; fileRef = AA000001110000010000000F /* AutonomousConfiguration.swift */; };
		AA000002210000010000000F /* ProjectConfiguration.swift in Sources */ = {isa = PBXBuildFile; fileRef = AA000002110000010000000F /* ProjectConfiguration.swift */; };
		AB000001210000010000000F /* CommandResult.swift in Sources */ = {isa = PBXBuildFile; fileRef = AB000001110000010000000F /* CommandResult.swift */; };
		AE000001210000010000000F /* InterviewSession.swift in Sources */ = {isa = PBXBuildFile; fileRef = AE000001110000010000000F /* InterviewSession.swift */; };
		B1000001210000010000000F /* AttachedImage.swift in Sources */ = {isa = PBXBuildFile; fileRef = B1000001110000010000000F /* AttachedImage.swift */; };
		B1000002210000010000000F /* PromptContent.swift in Sources */ = {isa = PBXBuildFile; fileRef = B1000002110000010000000F /* PromptContent.swift */; };
		B3000001210000010000000F /* ImageProcessor.swift in Sources */ = {isa = PBXBuildFile; fileRef = B3000001110000010000000F /* ImageProcessor.swift */; };
		AC000001210000010000000F /* BuildTestService.swift in Sources */ = {isa = PBXBuildFile; fileRef = AC000001110000010000000F /* BuildTestService.swift */; };
		AC000002210000010000000F /* BuildTestServiceProtocol.swift in Sources */ = {isa = PBXBuildFile; fileRef = AC000002110000010000000F /* BuildTestServiceProtocol.swift */; };
		A1000001210000010000000F /* ClaudeManagerApp.swift in Sources */ = {isa = PBXBuildFile; fileRef = A1000001110000010000000F /* ClaudeManagerApp.swift */; };
		A1000002210000010000000F /* ContentView.swift in Sources */ = {isa = PBXBuildFile; fileRef = A1000002110000010000000F /* ContentView.swift */; };
		A1000003210000010000000F /* ClaudeStreamMessage.swift in Sources */ = {isa = PBXBuildFile; fileRef = A1000003210000010000000A /* ClaudeStreamMessage.swift */; };
		A1000007210000010000000F /* ClaudeMessageParser.swift in Sources */ = {isa = PBXBuildFile; fileRef = A1000007110000010000000F /* ClaudeMessageParser.swift */; };
		A1000008210000010000000F /* ClaudeProcess.swift in Sources */ = {isa = PBXBuildFile; fileRef = A1000008110000010000000F /* ClaudeProcess.swift */; };
		A1000009210000010000000F /* ClaudeCLIService.swift in Sources */ = {isa = PBXBuildFile; fileRef = A1000009110000010000000F /* ClaudeCLIService.swift */; };
		A100000A210000010000000F /* PlanService.swift in Sources */ = {isa = PBXBuildFile; fileRef = A100000A110000010000000F /* PlanService.swift */; };
		A100000E210000010000000F /* GitService.swift in Sources */ = {isa = PBXBuildFile; fileRef = A100000E110000010000000F /* GitService.swift */; };
		A4000001210000010000000F /* ClaudeCLIServiceProtocol.swift in Sources */ = {isa = PBXBuildFile; fileRef = A4000001110000010000000F /* ClaudeCLIServiceProtocol.swift */; };
		A4000002210000010000000F /* GitServiceProtocol.swift in Sources */ = {isa = PBXBuildFile; fileRef = A4000002110000010000000F /* GitServiceProtocol.swift */; };
		A100000B210000010000000F /* Plan.swift in Sources */ = {isa = PBXBuildFile; fileRef = A100000B110000010000000F /* Plan.swift */; };
		A100000C210000010000000F /* ExecutionPhase.swift in Sources */ = {isa = PBXBuildFile; fileRef = A100000C110000010000000F /* ExecutionPhase.swift */; };
		A100000D210000010000000F /* LogEntry.swift in Sources */ = {isa = PBXBuildFile; fileRef = A100000D110000010000000F /* LogEntry.swift */; };
		A7000001210000010000000F /* ContinuationSummary.swift in Sources */ = {isa = PBXBuildFile; fileRef = A7000001110000010000000F /* ContinuationSummary.swift */; };
		A7000002210000010000000F /* RetryConfiguration.swift in Sources */ = {isa = PBXBuildFile; fileRef = A7000002110000010000000F /* RetryConfiguration.swift */; };
		A8000001210000010000000F /* TimeoutConfiguration.swift in Sources */ = {isa = PBXBuildFile; fileRef = A8000001110000010000000F /* TimeoutConfiguration.swift */; };
		A8000002210000010000000F /* TaskFailureView.swift in Sources */ = {isa = PBXBuildFile; fileRef = A8000002110000010000000F /* TaskFailureView.swift */; };
		A2000001210000010000000F /* ClaudeStreamMessageTests.swift in Sources */ = {isa = PBXBuildFile; fileRef = A2000001110000010000000F /* ClaudeStreamMessageTests.swift */; };
		A2000003210000010000000F /* PlanServiceTests.swift in Sources */ = {isa = PBXBuildFile; fileRef = A2000003110000010000000F /* PlanServiceTests.swift */; };
		A2000004210000010000000F /* ExecutionStateMachineTests.swift in Sources */ = {isa = PBXBuildFile; fileRef = A2000004110000010000000F /* ExecutionStateMachineTests.swift */; };
		A5000001210000010000000F /* MockClaudeCLIService.swift in Sources */ = {isa = PBXBuildFile; fileRef = A5000001110000010000000F /* MockClaudeCLIService.swift */; };
		A5000002210000010000000F /* MockGitService.swift in Sources */ = {isa = PBXBuildFile; fileRef = A5000002110000010000000F /* MockGitService.swift */; };
		AD000001210000010000000F /* MockBuildTestService.swift in Sources */ = {isa = PBXBuildFile; fileRef = AD000001110000010000000F /* MockBuildTestService.swift */; };
		AF000001210000010000000F /* InterviewSessionTests.swift in Sources */ = {isa = PBXBuildFile; fileRef = AF000001110000010000000F /* InterviewSessionTests.swift */; };
		B0000001210000010000000F /* ExecutionContextTests.swift in Sources */ = {isa = PBXBuildFile; fileRef = B0000001110000010000000F /* ExecutionContextTests.swift */; };
		B2000001210000010000000F /* PromptContentTests.swift in Sources */ = {isa = PBXBuildFile; fileRef = B2000001110000010000000F /* PromptContentTests.swift */; };
		B4000001210000010000000F /* ClaudeProcessTests.swift in Sources */ = {isa = PBXBuildFile; fileRef = B4000001110000010000000F /* ClaudeProcessTests.swift */; };
		B5000001210000010000000F /* ClaudeCLIServiceProtocolTests.swift in Sources */ = {isa = PBXBuildFile; fileRef = B5000001110000010000000F /* ClaudeCLIServiceProtocolTests.swift */; };
		B6000001210000010000000F /* ClaudeCLIServiceTests.swift in Sources */ = {isa = PBXBuildFile; fileRef = B6000001110000010000000F /* ClaudeCLIServiceTests.swift */; };
		A3000001210000010000000F /* ExecutionContext.swift in Sources */ = {isa = PBXBuildFile; fileRef = A3000001110000010000000F /* ExecutionContext.swift */; };
		A3000002210000010000000F /* ExecutionStateMachine.swift in Sources */ = {isa = PBXBuildFile; fileRef = A3000002110000010000000F /* ExecutionStateMachine.swift */; };
		A3000003210000010000000F /* AppState.swift in Sources */ = {isa = PBXBuildFile; fileRef = A3000003110000010000000F /* AppState.swift */; };
		A6000001210000010000000F /* SetupView.swift in Sources */ = {isa = PBXBuildFile; fileRef = A6000001110000010000000F /* SetupView.swift */; };
		A6000002210000010000000F /* PhaseIndicatorView.swift in Sources */ = {isa = PBXBuildFile; fileRef = A6000002110000010000000F /* PhaseIndicatorView.swift */; };
		A6000003210000010000000F /* TaskListView.swift in Sources */ = {isa = PBXBuildFile; fileRef = A6000003110000010000000F /* TaskListView.swift */; };
		A6000004210000010000000F /* LogView.swift in Sources */ = {isa = PBXBuildFile; fileRef = A6000004110000010000000F /* LogView.swift */; };
		A6000005210000010000000F /* UserQuestionView.swift in Sources */ = {isa = PBXBuildFile; fileRef = A6000005110000010000000F /* UserQuestionView.swift */; };
		A6000006210000010000000F /* ControlsView.swift in Sources */ = {isa = PBXBuildFile; fileRef = A6000006110000010000000F /* ControlsView.swift */; };
		A6000007210000010000000F /* ExecutionView.swift in Sources */ = {isa = PBXBuildFile; fileRef = A6000007110000010000000F /* ExecutionView.swift */; };
		A6000008210000010000000F /* ManualInputView.swift in Sources */ = {isa = PBXBuildFile; fileRef = A6000008110000010000000F /* ManualInputView.swift */; };
		B7000001210000010000000F /* PastableTextEditor.swift in Sources */ = {isa = PBXBuildFile; fileRef = B7000001110000010000000F /* PastableTextEditor.swift */; };
/* End PBXBuildFile section */

/* Begin PBXContainerItemProxy section */
		A2000002110000010000000F /* PBXContainerItemProxy */ = {
			isa = PBXContainerItemProxy;
			containerPortal = A1000000A10000010000000F /* Project object */;
			proxyType = 1;
			remoteGlobalIDString = A1000000710000010000000F;
			remoteInfo = ClaudeManager;
		};
/* End PBXContainerItemProxy section */

/* Begin PBXFileReference section */
		A9000001110000010000000F /* Assets.xcassets */ = {isa = PBXFileReference; lastKnownFileType = folder.assetcatalog; path = Assets.xcassets; sourceTree = "<group>"; };
		A9000002110000010000000F /* UserPreferences.swift */ = {isa = PBXFileReference; lastKnownFileType = sourcecode.swift; path = UserPreferences.swift; sourceTree = "<group>"; };
		AA000001110000010000000F /* AutonomousConfiguration.swift */ = {isa = PBXFileReference; lastKnownFileType = sourcecode.swift; path = AutonomousConfiguration.swift; sourceTree = "<group>"; };
		AA000002110000010000000F /* ProjectConfiguration.swift */ = {isa = PBXFileReference; lastKnownFileType = sourcecode.swift; path = ProjectConfiguration.swift; sourceTree = "<group>"; };
		AB000001110000010000000F /* CommandResult.swift */ = {isa = PBXFileReference; lastKnownFileType = sourcecode.swift; path = CommandResult.swift; sourceTree = "<group>"; };
		AE000001110000010000000F /* InterviewSession.swift */ = {isa = PBXFileReference; lastKnownFileType = sourcecode.swift; path = InterviewSession.swift; sourceTree = "<group>"; };
		B1000001110000010000000F /* AttachedImage.swift */ = {isa = PBXFileReference; lastKnownFileType = sourcecode.swift; path = AttachedImage.swift; sourceTree = "<group>"; };
		B1000002110000010000000F /* PromptContent.swift */ = {isa = PBXFileReference; lastKnownFileType = sourcecode.swift; path = PromptContent.swift; sourceTree = "<group>"; };
		AC000001110000010000000F /* BuildTestService.swift */ = {isa = PBXFileReference; lastKnownFileType = sourcecode.swift; path = BuildTestService.swift; sourceTree = "<group>"; };
		AC000002110000010000000F /* BuildTestServiceProtocol.swift */ = {isa = PBXFileReference; lastKnownFileType = sourcecode.swift; path = BuildTestServiceProtocol.swift; sourceTree = "<group>"; };
		A1000000010000010000000F /* ClaudeManager.app */ = {isa = PBXFileReference; explicitFileType = wrapper.application; includeInIndex = 0; path = ClaudeManager.app; sourceTree = BUILT_PRODUCTS_DIR; };
		A1000001110000010000000F /* ClaudeManagerApp.swift */ = {isa = PBXFileReference; lastKnownFileType = sourcecode.swift; path = ClaudeManagerApp.swift; sourceTree = "<group>"; };
		A1000002110000010000000F /* ContentView.swift */ = {isa = PBXFileReference; lastKnownFileType = sourcecode.swift; path = ContentView.swift; sourceTree = "<group>"; };
		A1000003210000010000000A /* ClaudeStreamMessage.swift */ = {isa = PBXFileReference; lastKnownFileType = sourcecode.swift; path = ClaudeStreamMessage.swift; sourceTree = "<group>"; };
		A1000007110000010000000F /* ClaudeMessageParser.swift */ = {isa = PBXFileReference; lastKnownFileType = sourcecode.swift; path = ClaudeMessageParser.swift; sourceTree = "<group>"; };
		A1000008110000010000000F /* ClaudeProcess.swift */ = {isa = PBXFileReference; lastKnownFileType = sourcecode.swift; path = ClaudeProcess.swift; sourceTree = "<group>"; };
		A1000009110000010000000F /* ClaudeCLIService.swift */ = {isa = PBXFileReference; lastKnownFileType = sourcecode.swift; path = ClaudeCLIService.swift; sourceTree = "<group>"; };
		A100000A110000010000000F /* PlanService.swift */ = {isa = PBXFileReference; lastKnownFileType = sourcecode.swift; path = PlanService.swift; sourceTree = "<group>"; };
		A100000E110000010000000F /* GitService.swift */ = {isa = PBXFileReference; lastKnownFileType = sourcecode.swift; path = GitService.swift; sourceTree = "<group>"; };
		A4000001110000010000000F /* ClaudeCLIServiceProtocol.swift */ = {isa = PBXFileReference; lastKnownFileType = sourcecode.swift; path = ClaudeCLIServiceProtocol.swift; sourceTree = "<group>"; };
		A4000002110000010000000F /* GitServiceProtocol.swift */ = {isa = PBXFileReference; lastKnownFileType = sourcecode.swift; path = GitServiceProtocol.swift; sourceTree = "<group>"; };
		A100000B110000010000000F /* Plan.swift */ = {isa = PBXFileReference; lastKnownFileType = sourcecode.swift; path = Plan.swift; sourceTree = "<group>"; };
		A100000C110000010000000F /* ExecutionPhase.swift */ = {isa = PBXFileReference; lastKnownFileType = sourcecode.swift; path = ExecutionPhase.swift; sourceTree = "<group>"; };
		A100000D110000010000000F /* LogEntry.swift */ = {isa = PBXFileReference; lastKnownFileType = sourcecode.swift; path = LogEntry.swift; sourceTree = "<group>"; };
		A7000001110000010000000F /* ContinuationSummary.swift */ = {isa = PBXFileReference; lastKnownFileType = sourcecode.swift; path = ContinuationSummary.swift; sourceTree = "<group>"; };
		A7000002110000010000000F /* RetryConfiguration.swift */ = {isa = PBXFileReference; lastKnownFileType = sourcecode.swift; path = RetryConfiguration.swift; sourceTree = "<group>"; };
		A8000001110000010000000F /* TimeoutConfiguration.swift */ = {isa = PBXFileReference; lastKnownFileType = sourcecode.swift; path = TimeoutConfiguration.swift; sourceTree = "<group>"; };
		A8000002110000010000000F /* TaskFailureView.swift */ = {isa = PBXFileReference; lastKnownFileType = sourcecode.swift; path = TaskFailureView.swift; sourceTree = "<group>"; };
		A2000000010000010000000F /* ClaudeManagerTests.xctest */ = {isa = PBXFileReference; explicitFileType = wrapper.cfbundle; includeInIndex = 0; path = ClaudeManagerTests.xctest; sourceTree = BUILT_PRODUCTS_DIR; };
		A2000001110000010000000F /* ClaudeStreamMessageTests.swift */ = {isa = PBXFileReference; lastKnownFileType = sourcecode.swift; path = ClaudeStreamMessageTests.swift; sourceTree = "<group>"; };
		A2000003110000010000000F /* PlanServiceTests.swift */ = {isa = PBXFileReference; lastKnownFileType = sourcecode.swift; path = PlanServiceTests.swift; sourceTree = "<group>"; };
		A2000004110000010000000F /* ExecutionStateMachineTests.swift */ = {isa = PBXFileReference; lastKnownFileType = sourcecode.swift; path = ExecutionStateMachineTests.swift; sourceTree = "<group>"; };
		A5000001110000010000000F /* MockClaudeCLIService.swift */ = {isa = PBXFileReference; lastKnownFileType = sourcecode.swift; path = MockClaudeCLIService.swift; sourceTree = "<group>"; };
		A5000002110000010000000F /* MockGitService.swift */ = {isa = PBXFileReference; lastKnownFileType = sourcecode.swift; path = MockGitService.swift; sourceTree = "<group>"; };
		AD000001110000010000000F /* MockBuildTestService.swift */ = {isa = PBXFileReference; lastKnownFileType = sourcecode.swift; path = MockBuildTestService.swift; sourceTree = "<group>"; };
		AF000001110000010000000F /* InterviewSessionTests.swift */ = {isa = PBXFileReference; lastKnownFileType = sourcecode.swift; path = InterviewSessionTests.swift; sourceTree = "<group>"; };
		B0000001110000010000000F /* ExecutionContextTests.swift */ = {isa = PBXFileReference; lastKnownFileType = sourcecode.swift; path = ExecutionContextTests.swift; sourceTree = "<group>"; };
		B2000001110000010000000F /* PromptContentTests.swift */ = {isa = PBXFileReference; lastKnownFileType = sourcecode.swift; path = PromptContentTests.swift; sourceTree = "<group>"; };
		B4000001110000010000000F /* ClaudeProcessTests.swift */ = {isa = PBXFileReference; lastKnownFileType = sourcecode.swift; path = ClaudeProcessTests.swift; sourceTree = "<group>"; };
		B5000001110000010000000F /* ClaudeCLIServiceProtocolTests.swift */ = {isa = PBXFileReference; lastKnownFileType = sourcecode.swift; path = ClaudeCLIServiceProtocolTests.swift; sourceTree = "<group>"; };
		B6000001110000010000000F /* ClaudeCLIServiceTests.swift */ = {isa = PBXFileReference; lastKnownFileType = sourcecode.swift; path = ClaudeCLIServiceTests.swift; sourceTree = "<group>"; };
		B3000001110000010000000F /* ImageProcessor.swift */ = {isa = PBXFileReference; lastKnownFileType = sourcecode.swift; path = ImageProcessor.swift; sourceTree = "<group>"; };
		A3000001110000010000000F /* ExecutionContext.swift */ = {isa = PBXFileReference; lastKnownFileType = sourcecode.swift; path = ExecutionContext.swift; sourceTree = "<group>"; };
		A3000002110000010000000F /* ExecutionStateMachine.swift */ = {isa = PBXFileReference; lastKnownFileType = sourcecode.swift; path = ExecutionStateMachine.swift; sourceTree = "<group>"; };
		A3000003110000010000000F /* AppState.swift */ = {isa = PBXFileReference; lastKnownFileType = sourcecode.swift; path = AppState.swift; sourceTree = "<group>"; };
		A6000001110000010000000F /* SetupView.swift */ = {isa = PBXFileReference; lastKnownFileType = sourcecode.swift; path = SetupView.swift; sourceTree = "<group>"; };
		A6000002110000010000000F /* PhaseIndicatorView.swift */ = {isa = PBXFileReference; lastKnownFileType = sourcecode.swift; path = PhaseIndicatorView.swift; sourceTree = "<group>"; };
		A6000003110000010000000F /* TaskListView.swift */ = {isa = PBXFileReference; lastKnownFileType = sourcecode.swift; path = TaskListView.swift; sourceTree = "<group>"; };
		A6000004110000010000000F /* LogView.swift */ = {isa = PBXFileReference; lastKnownFileType = sourcecode.swift; path = LogView.swift; sourceTree = "<group>"; };
		A6000005110000010000000F /* UserQuestionView.swift */ = {isa = PBXFileReference; lastKnownFileType = sourcecode.swift; path = UserQuestionView.swift; sourceTree = "<group>"; };
		A6000006110000010000000F /* ControlsView.swift */ = {isa = PBXFileReference; lastKnownFileType = sourcecode.swift; path = ControlsView.swift; sourceTree = "<group>"; };
		A6000007110000010000000F /* ExecutionView.swift */ = {isa = PBXFileReference; lastKnownFileType = sourcecode.swift; path = ExecutionView.swift; sourceTree = "<group>"; };
		A6000008110000010000000F /* ManualInputView.swift */ = {isa = PBXFileReference; lastKnownFileType = sourcecode.swift; path = ManualInputView.swift; sourceTree = "<group>"; };
		B7000001110000010000000F /* PastableTextEditor.swift */ = {isa = PBXFileReference; lastKnownFileType = sourcecode.swift; path = PastableTextEditor.swift; sourceTree = "<group>"; };
/* End PBXFileReference section */

/* Begin PBXFrameworksBuildPhase section */
		A1000000310000010000000F /* Frameworks */ = {
			isa = PBXFrameworksBuildPhase;
			buildActionMask = 2147483647;
			files = (
			);
			runOnlyForDeploymentPostprocessing = 0;
		};
		A2000000310000010000000F /* Frameworks */ = {
			isa = PBXFrameworksBuildPhase;
			buildActionMask = 2147483647;
			files = (
			);
			runOnlyForDeploymentPostprocessing = 0;
		};
/* End PBXFrameworksBuildPhase section */

/* Begin PBXGroup section */
		A1000000410000010000000F = {
			isa = PBXGroup;
			children = (
				A1000000510000010000000F /* ClaudeManager */,
				A2000000510000010000000F /* ClaudeManagerTests */,
				A1000000610000010000000F /* Products */,
			);
			sourceTree = "<group>";
		};
		A1000000510000010000000F /* ClaudeManager */ = {
			isa = PBXGroup;
			children = (
				A1000001110000010000000F /* ClaudeManagerApp.swift */,
				A1000002110000010000000F /* ContentView.swift */,
				A9000001110000010000000F /* Assets.xcassets */,
				A1000003110000010000000F /* Models */,
				A1000004110000010000000F /* Services */,
				A1000005110000010000000F /* State */,
				B3000002110000010000000F /* Utilities */,
				A1000006110000010000000F /* Views */,
			);
			path = ClaudeManager;
			sourceTree = "<group>";
		};
		A1000000610000010000000F /* Products */ = {
			isa = PBXGroup;
			children = (
				A1000000010000010000000F /* ClaudeManager.app */,
				A2000000010000010000000F /* ClaudeManagerTests.xctest */,
			);
			name = Products;
			sourceTree = "<group>";
		};
		A1000003110000010000000F /* Models */ = {
			isa = PBXGroup;
			children = (
				B1000001110000010000000F /* AttachedImage.swift */,
				A1000003210000010000000A /* ClaudeStreamMessage.swift */,
				A100000B110000010000000F /* Plan.swift */,
				B1000002110000010000000F /* PromptContent.swift */,
				A100000C110000010000000F /* ExecutionPhase.swift */,
				A100000D110000010000000F /* LogEntry.swift */,
				A7000001110000010000000F /* ContinuationSummary.swift */,
				A7000002110000010000000F /* RetryConfiguration.swift */,
				A8000001110000010000000F /* TimeoutConfiguration.swift */,
				AA000001110000010000000F /* AutonomousConfiguration.swift */,
				AA000002110000010000000F /* ProjectConfiguration.swift */,
				AB000001110000010000000F /* CommandResult.swift */,
				AE000001110000010000000F /* InterviewSession.swift */,
			);
			path = Models;
			sourceTree = "<group>";
		};
		A1000004110000010000000F /* Services */ = {
			isa = PBXGroup;
			children = (
				A4000003110000010000000F /* Protocols */,
				A1000007110000010000000F /* ClaudeMessageParser.swift */,
				A1000008110000010000000F /* ClaudeProcess.swift */,
				A1000009110000010000000F /* ClaudeCLIService.swift */,
				A100000A110000010000000F /* PlanService.swift */,
				A100000E110000010000000F /* GitService.swift */,
				AC000001110000010000000F /* BuildTestService.swift */,
			);
			path = Services;
			sourceTree = "<group>";
		};
		A4000003110000010000000F /* Protocols */ = {
			isa = PBXGroup;
			children = (
				A4000001110000010000000F /* ClaudeCLIServiceProtocol.swift */,
				A4000002110000010000000F /* GitServiceProtocol.swift */,
				AC000002110000010000000F /* BuildTestServiceProtocol.swift */,
			);
			path = Protocols;
			sourceTree = "<group>";
		};
		A1000005110000010000000F /* State */ = {
			isa = PBXGroup;
			children = (
				A3000001110000010000000F /* ExecutionContext.swift */,
				A3000002110000010000000F /* ExecutionStateMachine.swift */,
				A3000003110000010000000F /* AppState.swift */,
				A9000002110000010000000F /* UserPreferences.swift */,
			);
			path = State;
			sourceTree = "<group>";
		};
		A1000006110000010000000F /* Views */ = {
			isa = PBXGroup;
			children = (
				B7000002110000010000000F /* Components */,
				A6000001110000010000000F /* SetupView.swift */,
				A6000002110000010000000F /* PhaseIndicatorView.swift */,
				A6000003110000010000000F /* TaskListView.swift */,
				A6000004110000010000000F /* LogView.swift */,
				A6000005110000010000000F /* UserQuestionView.swift */,
				A6000006110000010000000F /* ControlsView.swift */,
				A6000007110000010000000F /* ExecutionView.swift */,
				A6000008110000010000000F /* ManualInputView.swift */,
				A8000002110000010000000F /* TaskFailureView.swift */,
			);
			path = Views;
			sourceTree = "<group>";
		};
		B7000002110000010000000F /* Components */ = {
			isa = PBXGroup;
			children = (
				B7000001110000010000000F /* PastableTextEditor.swift */,
			);
			path = Components;
			sourceTree = "<group>";
		};
		B3000002110000010000000F /* Utilities */ = {
			isa = PBXGroup;
			children = (
				B3000001110000010000000F /* ImageProcessor.swift */,
			);
			path = Utilities;
			sourceTree = "<group>";
		};
		A2000000510000010000000F /* ClaudeManagerTests */ = {
			isa = PBXGroup;
			children = (
				A5000003110000010000000F /* Mocks */,
				B5000001110000010000000F /* ClaudeCLIServiceProtocolTests.swift */,
				B6000001110000010000000F /* ClaudeCLIServiceTests.swift */,
				B4000001110000010000000F /* ClaudeProcessTests.swift */,
				A2000001110000010000000F /* ClaudeStreamMessageTests.swift */,
				B0000001110000010000000F /* ExecutionContextTests.swift */,
				A2000004110000010000000F /* ExecutionStateMachineTests.swift */,
				AF000001110000010000000F /* InterviewSessionTests.swift */,
				A2000003110000010000000F /* PlanServiceTests.swift */,
				B2000001110000010000000F /* PromptContentTests.swift */,
			);
			path = ClaudeManagerTests;
			sourceTree = "<group>";
		};
		A5000003110000010000000F /* Mocks */ = {
			isa = PBXGroup;
			children = (
				A5000001110000010000000F /* MockClaudeCLIService.swift */,
				A5000002110000010000000F /* MockGitService.swift */,
				AD000001110000010000000F /* MockBuildTestService.swift */,
			);
			path = Mocks;
			sourceTree = "<group>";
		};
/* End PBXGroup section */

/* Begin PBXNativeTarget section */
		A1000000710000010000000F /* ClaudeManager */ = {
			isa = PBXNativeTarget;
			buildConfigurationList = A1000000810000010000000F /* Build configuration list for PBXNativeTarget "ClaudeManager" */;
			buildPhases = (
				A1000000210000010000000F /* Sources */,
				A1000000310000010000000F /* Frameworks */,
				A1000000910000010000000F /* Resources */,
			);
			buildRules = (
			);
			dependencies = (
			);
			name = ClaudeManager;
			productName = ClaudeManager;
			productReference = A1000000010000010000000F /* ClaudeManager.app */;
			productType = "com.apple.product-type.application";
		};
		A2000000710000010000000F /* ClaudeManagerTests */ = {
			isa = PBXNativeTarget;
			buildConfigurationList = A2000000810000010000000F /* Build configuration list for PBXNativeTarget "ClaudeManagerTests" */;
			buildPhases = (
				A2000000210000010000000F /* Sources */,
				A2000000310000010000000F /* Frameworks */,
				A2000000910000010000000F /* Resources */,
			);
			buildRules = (
			);
			dependencies = (
				A2000002210000010000000F /* PBXTargetDependency */,
			);
			name = ClaudeManagerTests;
			productName = ClaudeManagerTests;
			productReference = A2000000010000010000000F /* ClaudeManagerTests.xctest */;
			productType = "com.apple.product-type.bundle.unit-test";
		};
/* End PBXNativeTarget section */

/* Begin PBXProject section */
		A1000000A10000010000000F /* Project object */ = {
			isa = PBXProject;
			attributes = {
				BuildIndependentTargetsInParallel = 1;
				LastSwiftUpdateCheck = 1500;
				LastUpgradeCheck = 1500;
				TargetAttributes = {
					A1000000710000010000000F = {
						CreatedOnToolsVersion = 15.0;
					};
					A2000000710000010000000F = {
						CreatedOnToolsVersion = 15.0;
						TestTargetID = A1000000710000010000000F;
					};
				};
			};
			buildConfigurationList = A1000000B10000010000000F /* Build configuration list for PBXProject "ClaudeManager" */;
			compatibilityVersion = "Xcode 14.0";
			developmentRegion = en;
			hasScannedForEncodings = 0;
			knownRegions = (
				en,
				Base,
			);
			mainGroup = A1000000410000010000000F;
			productRefGroup = A1000000610000010000000F /* Products */;
			projectDirPath = "";
			projectRoot = "";
			targets = (
				A1000000710000010000000F /* ClaudeManager */,
				A2000000710000010000000F /* ClaudeManagerTests */,
			);
		};
/* End PBXProject section */

/* Begin PBXResourcesBuildPhase section */
		A1000000910000010000000F /* Resources */ = {
			isa = PBXResourcesBuildPhase;
			buildActionMask = 2147483647;
			files = (
				A9000001210000010000000F /* Assets.xcassets in Resources */,
			);
			runOnlyForDeploymentPostprocessing = 0;
		};
		A2000000910000010000000F /* Resources */ = {
			isa = PBXResourcesBuildPhase;
			buildActionMask = 2147483647;
			files = (
			);
			runOnlyForDeploymentPostprocessing = 0;
		};
/* End PBXResourcesBuildPhase section */

/* Begin PBXSourcesBuildPhase section */
		A1000000210000010000000F /* Sources */ = {
			isa = PBXSourcesBuildPhase;
			buildActionMask = 2147483647;
			files = (
				A1000001210000010000000F /* ClaudeManagerApp.swift in Sources */,
				A1000002210000010000000F /* ContentView.swift in Sources */,
				A1000003210000010000000F /* ClaudeStreamMessage.swift in Sources */,
				A1000007210000010000000F /* ClaudeMessageParser.swift in Sources */,
				A1000008210000010000000F /* ClaudeProcess.swift in Sources */,
				A1000009210000010000000F /* ClaudeCLIService.swift in Sources */,
				A100000A210000010000000F /* PlanService.swift in Sources */,
				A100000B210000010000000F /* Plan.swift in Sources */,
				A100000C210000010000000F /* ExecutionPhase.swift in Sources */,
				A100000D210000010000000F /* LogEntry.swift in Sources */,
				A7000001210000010000000F /* ContinuationSummary.swift in Sources */,
				A7000002210000010000000F /* RetryConfiguration.swift in Sources */,
				A8000001210000010000000F /* TimeoutConfiguration.swift in Sources */,
				A100000E210000010000000F /* GitService.swift in Sources */,
				A3000001210000010000000F /* ExecutionContext.swift in Sources */,
				A3000002210000010000000F /* ExecutionStateMachine.swift in Sources */,
				A3000003210000010000000F /* AppState.swift in Sources */,
				A6000001210000010000000F /* SetupView.swift in Sources */,
				A6000002210000010000000F /* PhaseIndicatorView.swift in Sources */,
				A6000003210000010000000F /* TaskListView.swift in Sources */,
				A6000004210000010000000F /* LogView.swift in Sources */,
				A6000005210000010000000F /* UserQuestionView.swift in Sources */,
				A6000006210000010000000F /* ControlsView.swift in Sources */,
				A6000007210000010000000F /* ExecutionView.swift in Sources */,
				A8000002210000010000000F /* TaskFailureView.swift in Sources */,
				A4000001210000010000000F /* ClaudeCLIServiceProtocol.swift in Sources */,
				A4000002210000010000000F /* GitServiceProtocol.swift in Sources */,
				AC000001210000010000000F /* BuildTestService.swift in Sources */,
				AC000002210000010000000F /* BuildTestServiceProtocol.swift in Sources */,
				A9000002210000010000000F /* UserPreferences.swift in Sources */,
				AA000001210000010000000F /* AutonomousConfiguration.swift in Sources */,
				AA000002210000010000000F /* ProjectConfiguration.swift in Sources */,
				AB000001210000010000000F /* CommandResult.swift in Sources */,
				AE000001210000010000000F /* InterviewSession.swift in Sources */,
				A6000008210000010000000F /* ManualInputView.swift in Sources */,
				B1000001210000010000000F /* AttachedImage.swift in Sources */,
				B1000002210000010000000F /* PromptContent.swift in Sources */,
				B3000001210000010000000F /* ImageProcessor.swift in Sources */,
				B7000001210000010000000F /* PastableTextEditor.swift in Sources */,
			);
			runOnlyForDeploymentPostprocessing = 0;
		};
		A2000000210000010000000F /* Sources */ = {
			isa = PBXSourcesBuildPhase;
			buildActionMask = 2147483647;
			files = (
				B5000001210000010000000F /* ClaudeCLIServiceProtocolTests.swift in Sources */,
				B6000001210000010000000F /* ClaudeCLIServiceTests.swift in Sources */,
				B4000001210000010000000F /* ClaudeProcessTests.swift in Sources */,
				A2000001210000010000000F /* ClaudeStreamMessageTests.swift in Sources */,
				B0000001210000010000000F /* ExecutionContextTests.swift in Sources */,
				A2000004210000010000000F /* ExecutionStateMachineTests.swift in Sources */,
				AF000001210000010000000F /* InterviewSessionTests.swift in Sources */,
				A2000003210000010000000F /* PlanServiceTests.swift in Sources */,
				B2000001210000010000000F /* PromptContentTests.swift in Sources */,
				A5000001210000010000000F /* MockClaudeCLIService.swift in Sources */,
				A5000002210000010000000F /* MockGitService.swift in Sources */,
				AD000001210000010000000F /* MockBuildTestService.swift in Sources */,
			);
			runOnlyForDeploymentPostprocessing = 0;
		};
/* End PBXSourcesBuildPhase section */

/* Begin PBXTargetDependency section */
		A2000002210000010000000F /* PBXTargetDependency */ = {
			isa = PBXTargetDependency;
			target = A1000000710000010000000F /* ClaudeManager */;
			targetProxy = A2000002110000010000000F /* PBXContainerItemProxy */;
		};
/* End PBXTargetDependency section */

/* Begin XCBuildConfiguration section */
		A1000000C10000010000000F /* Debug */ = {
			isa = XCBuildConfiguration;
			buildSettings = {
				ALWAYS_SEARCH_USER_PATHS = NO;
				ASSETCATALOG_COMPILER_GENERATE_SWIFT_ASSET_SYMBOL_EXTENSIONS = YES;
				CLANG_ANALYZER_NONNULL = YES;
				CLANG_ANALYZER_NUMBER_OBJECT_CONVERSION = YES_AGGRESSIVE;
				CLANG_CXX_LANGUAGE_STANDARD = "gnu++20";
				CLANG_ENABLE_MODULES = YES;
				CLANG_ENABLE_OBJC_ARC = YES;
				CLANG_ENABLE_OBJC_WEAK = YES;
				CLANG_WARN_BLOCK_CAPTURE_AUTORELEASING = YES;
				CLANG_WARN_BOOL_CONVERSION = YES;
				CLANG_WARN_COMMA = YES;
				CLANG_WARN_CONSTANT_CONVERSION = YES;
				CLANG_WARN_DEPRECATED_OBJC_IMPLEMENTATIONS = YES;
				CLANG_WARN_DIRECT_OBJC_ISA_USAGE = YES_ERROR;
				CLANG_WARN_DOCUMENTATION_COMMENTS = YES;
				CLANG_WARN_EMPTY_BODY = YES;
				CLANG_WARN_ENUM_CONVERSION = YES;
				CLANG_WARN_INFINITE_RECURSION = YES;
				CLANG_WARN_INT_CONVERSION = YES;
				CLANG_WARN_NON_LITERAL_NULL_CONVERSION = YES;
				CLANG_WARN_OBJC_IMPLICIT_RETAIN_SELF = YES;
				CLANG_WARN_OBJC_LITERAL_CONVERSION = YES;
				CLANG_WARN_OBJC_ROOT_CLASS = YES_ERROR;
				CLANG_WARN_QUOTED_INCLUDE_IN_FRAMEWORK_HEADER = YES;
				CLANG_WARN_RANGE_LOOP_ANALYSIS = YES;
				CLANG_WARN_STRICT_PROTOTYPES = YES;
				CLANG_WARN_SUSPICIOUS_MOVE = YES;
				CLANG_WARN_UNGUARDED_AVAILABILITY = YES_AGGRESSIVE;
				CLANG_WARN_UNREACHABLE_CODE = YES;
				CLANG_WARN__DUPLICATE_METHOD_MATCH = YES;
				COPY_PHASE_STRIP = NO;
				DEBUG_INFORMATION_FORMAT = dwarf;
				ENABLE_STRICT_OBJC_MSGSEND = YES;
				ENABLE_TESTABILITY = YES;
				ENABLE_USER_SCRIPT_SANDBOXING = YES;
				GCC_C_LANGUAGE_STANDARD = gnu17;
				GCC_DYNAMIC_NO_PIC = NO;
				GCC_NO_COMMON_BLOCKS = YES;
				GCC_OPTIMIZATION_LEVEL = 0;
				GCC_PREPROCESSOR_DEFINITIONS = (
					"DEBUG=1",
					"$(inherited)",
				);
				GCC_WARN_64_TO_32_BIT_CONVERSION = YES;
				GCC_WARN_ABOUT_RETURN_TYPE = YES_ERROR;
				GCC_WARN_UNDECLARED_SELECTOR = YES;
				GCC_WARN_UNINITIALIZED_AUTOS = YES_AGGRESSIVE;
				GCC_WARN_UNUSED_FUNCTION = YES;
				GCC_WARN_UNUSED_VARIABLE = YES;
				MACOSX_DEPLOYMENT_TARGET = 14.0;
				MTL_ENABLE_DEBUG_INFO = INCLUDE_SOURCE;
				MTL_FAST_MATH = YES;
				ONLY_ACTIVE_ARCH = YES;
				SDKROOT = macosx;
				SWIFT_ACTIVE_COMPILATION_CONDITIONS = "DEBUG $(inherited)";
				SWIFT_OPTIMIZATION_LEVEL = "-Onone";
			};
			name = Debug;
		};
		A1000000D10000010000000F /* Release */ = {
			isa = XCBuildConfiguration;
			buildSettings = {
				ALWAYS_SEARCH_USER_PATHS = NO;
				ASSETCATALOG_COMPILER_GENERATE_SWIFT_ASSET_SYMBOL_EXTENSIONS = YES;
				CLANG_ANALYZER_NONNULL = YES;
				CLANG_ANALYZER_NUMBER_OBJECT_CONVERSION = YES_AGGRESSIVE;
				CLANG_CXX_LANGUAGE_STANDARD = "gnu++20";
				CLANG_ENABLE_MODULES = YES;
				CLANG_ENABLE_OBJC_ARC = YES;
				CLANG_ENABLE_OBJC_WEAK = YES;
				CLANG_WARN_BLOCK_CAPTURE_AUTORELEASING = YES;
				CLANG_WARN_BOOL_CONVERSION = YES;
				CLANG_WARN_COMMA = YES;
				CLANG_WARN_CONSTANT_CONVERSION = YES;
				CLANG_WARN_DEPRECATED_OBJC_IMPLEMENTATIONS = YES;
				CLANG_WARN_DIRECT_OBJC_ISA_USAGE = YES_ERROR;
				CLANG_WARN_DOCUMENTATION_COMMENTS = YES;
				CLANG_WARN_EMPTY_BODY = YES;
				CLANG_WARN_ENUM_CONVERSION = YES;
				CLANG_WARN_INFINITE_RECURSION = YES;
				CLANG_WARN_INT_CONVERSION = YES;
				CLANG_WARN_NON_LITERAL_NULL_CONVERSION = YES;
				CLANG_WARN_OBJC_IMPLICIT_RETAIN_SELF = YES;
				CLANG_WARN_OBJC_LITERAL_CONVERSION = YES;
				CLANG_WARN_OBJC_ROOT_CLASS = YES_ERROR;
				CLANG_WARN_QUOTED_INCLUDE_IN_FRAMEWORK_HEADER = YES;
				CLANG_WARN_RANGE_LOOP_ANALYSIS = YES;
				CLANG_WARN_STRICT_PROTOTYPES = YES;
				CLANG_WARN_SUSPICIOUS_MOVE = YES;
				CLANG_WARN_UNGUARDED_AVAILABILITY = YES_AGGRESSIVE;
				CLANG_WARN_UNREACHABLE_CODE = YES;
				CLANG_WARN__DUPLICATE_METHOD_MATCH = YES;
				COPY_PHASE_STRIP = NO;
				DEBUG_INFORMATION_FORMAT = "dwarf-with-dsym";
				ENABLE_NS_ASSERTIONS = NO;
				ENABLE_STRICT_OBJC_MSGSEND = YES;
				ENABLE_USER_SCRIPT_SANDBOXING = YES;
				GCC_C_LANGUAGE_STANDARD = gnu17;
				GCC_NO_COMMON_BLOCKS = YES;
				GCC_WARN_64_TO_32_BIT_CONVERSION = YES;
				GCC_WARN_ABOUT_RETURN_TYPE = YES_ERROR;
				GCC_WARN_UNDECLARED_SELECTOR = YES;
				GCC_WARN_UNINITIALIZED_AUTOS = YES_AGGRESSIVE;
				GCC_WARN_UNUSED_FUNCTION = YES;
				GCC_WARN_UNUSED_VARIABLE = YES;
				MACOSX_DEPLOYMENT_TARGET = 14.0;
				MTL_ENABLE_DEBUG_INFO = NO;
				MTL_FAST_MATH = YES;
				SDKROOT = macosx;
				SWIFT_COMPILATION_MODE = wholemodule;
			};
			name = Release;
		};
		A1000000E10000010000000F /* Debug */ = {
			isa = XCBuildConfiguration;
			buildSettings = {
				ASSETCATALOG_COMPILER_APPICON_NAME = AppIcon;
				ASSETCATALOG_COMPILER_GLOBAL_ACCENT_COLOR_NAME = AccentColor;
				CODE_SIGN_ENTITLEMENTS = "";
				CODE_SIGN_STYLE = Automatic;
				COMBINE_HIDPI_IMAGES = YES;
				CURRENT_PROJECT_VERSION = 1;
				DEVELOPMENT_ASSET_PATHS = "";
				ENABLE_PREVIEWS = YES;
				GENERATE_INFOPLIST_FILE = YES;
				INFOPLIST_KEY_NSHumanReadableCopyright = "";
				LD_RUNPATH_SEARCH_PATHS = (
					"$(inherited)",
					"@executable_path/../Frameworks",
				);
				MARKETING_VERSION = 1.0;
				PRODUCT_BUNDLE_IDENTIFIER = com.claudemanager.ClaudeManager;
				PRODUCT_NAME = "$(TARGET_NAME)";
				SWIFT_EMIT_LOC_STRINGS = YES;
				SWIFT_VERSION = 5.0;
			};
			name = Debug;
		};
		A1000000F10000010000000F /* Release */ = {
			isa = XCBuildConfiguration;
			buildSettings = {
				ASSETCATALOG_COMPILER_APPICON_NAME = AppIcon;
				ASSETCATALOG_COMPILER_GLOBAL_ACCENT_COLOR_NAME = AccentColor;
				CODE_SIGN_ENTITLEMENTS = "";
				CODE_SIGN_STYLE = Automatic;
				COMBINE_HIDPI_IMAGES = YES;
				CURRENT_PROJECT_VERSION = 1;
				DEVELOPMENT_ASSET_PATHS = "";
				ENABLE_PREVIEWS = YES;
				GENERATE_INFOPLIST_FILE = YES;
				INFOPLIST_KEY_NSHumanReadableCopyright = "";
				LD_RUNPATH_SEARCH_PATHS = (
					"$(inherited)",
					"@executable_path/../Frameworks",
				);
				MARKETING_VERSION = 1.0;
				PRODUCT_BUNDLE_IDENTIFIER = com.claudemanager.ClaudeManager;
				PRODUCT_NAME = "$(TARGET_NAME)";
				SWIFT_EMIT_LOC_STRINGS = YES;
				SWIFT_VERSION = 5.0;
			};
			name = Release;
		};
		A2000000E10000010000000F /* Debug */ = {
			isa = XCBuildConfiguration;
			buildSettings = {
				BUNDLE_LOADER = "$(TEST_HOST)";
				CODE_SIGN_STYLE = Automatic;
				CURRENT_PROJECT_VERSION = 1;
				GENERATE_INFOPLIST_FILE = YES;
				MACOSX_DEPLOYMENT_TARGET = 14.0;
				MARKETING_VERSION = 1.0;
				PRODUCT_BUNDLE_IDENTIFIER = com.claudemanager.ClaudeManagerTests;
				PRODUCT_NAME = "$(TARGET_NAME)";
				SWIFT_EMIT_LOC_STRINGS = NO;
				SWIFT_VERSION = 5.0;
				TEST_HOST = "$(BUILT_PRODUCTS_DIR)/ClaudeManager.app/$(BUNDLE_EXECUTABLE_FOLDER_PATH)/ClaudeManager";
			};
			name = Debug;
		};
		A2000000F10000010000000F /* Release */ = {
			isa = XCBuildConfiguration;
			buildSettings = {
				BUNDLE_LOADER = "$(TEST_HOST)";
				CODE_SIGN_STYLE = Automatic;
				CURRENT_PROJECT_VERSION = 1;
				GENERATE_INFOPLIST_FILE = YES;
				MACOSX_DEPLOYMENT_TARGET = 14.0;
				MARKETING_VERSION = 1.0;
				PRODUCT_BUNDLE_IDENTIFIER = com.claudemanager.ClaudeManagerTests;
				PRODUCT_NAME = "$(TARGET_NAME)";
				SWIFT_EMIT_LOC_STRINGS = NO;
				SWIFT_VERSION = 5.0;
				TEST_HOST = "$(BUILT_PRODUCTS_DIR)/ClaudeManager.app/$(BUNDLE_EXECUTABLE_FOLDER_PATH)/ClaudeManager";
			};
			name = Release;
		};
/* End XCBuildConfiguration section */

/* Begin XCConfigurationList section */
		A1000000810000010000000F /* Build configuration list for PBXNativeTarget "ClaudeManager" */ = {
			isa = XCConfigurationList;
			buildConfigurations = (
				A1000000E10000010000000F /* Debug */,
				A1000000F10000010000000F /* Release */,
			);
			defaultConfigurationIsVisible = 0;
			defaultConfigurationName = Release;
		};
		A1000000B10000010000000F /* Build configuration list for PBXProject "ClaudeManager" */ = {
			isa = XCConfigurationList;
			buildConfigurations = (
				A1000000C10000010000000F /* Debug */,
				A1000000D10000010000000F /* Release */,
			);
			defaultConfigurationIsVisible = 0;
			defaultConfigurationName = Release;
		};
		A2000000810000010000000F /* Build configuration list for PBXNativeTarget "ClaudeManagerTests" */ = {
			isa = XCConfigurationList;
			buildConfigurations = (
				A2000000E10000010000000F /* Debug */,
				A2000000F10000010000000F /* Release */,
			);
			defaultConfigurationIsVisible = 0;
			defaultConfigurationName = Release;
		};
/* End XCConfigurationList section */

	};
	rootObject = A1000000A10000010000000F /* Project object */;
}
